
Microsoft Visual Studio Solution File, Format Version 12.00
# Visual Studio Version 16
VisualStudioVersion = 16.0.31605.320
MinimumVisualStudioVersion = 10.0.40219.1
Project("{FAE04EC0-301F-11D3-BF4B-00C04F79EFBC}") = "ITIAABackend.API", "ITIAABackend.API.csproj", "{C8BB61CB-5685-45E1-A0E0-F75075498504}"
EndProject
Global
	GlobalSection(SolutionConfigurationPlatforms) = preSolution
		Debug|Any CPU = Debug|Any CPU
		Release|Any CPU = Release|Any CPU
	EndGlobalSection
	GlobalSection(ProjectConfigurationPlatforms) = postSolution
		{C8BB61CB-5685-45E1-A0E0-F75075498504}.Debug|Any CPU.ActiveCfg = Debug|Any CPU
		{C8BB61CB-5685-45E1-A0E0-F75075498504}.Debug|Any CPU.Build.0 = Debug|Any CPU
		{C8BB61CB-5685-45E1-A0E0-F75075498504}.Release|Any CPU.ActiveCfg = Release|Any CPU
		{C8BB61CB-5685-45E1-A0E0-F75075498504}.Release|Any CPU.Build.0 = Release|Any CPU
	EndGlobalSection
	GlobalSection(SolutionProperties) = preSolution
		HideSolutionNode = FALSE
	EndGlobalSection
	GlobalSection(ExtensibilityGlobals) = postSolution
		SolutionGuid = {A0708FFC-EB07-4467-BD35-57959C069E41}
	EndGlobalSection
EndGlobal
